
Microsoft Visual Studio Solution File, Format Version 12.00
# Visual Studio 15
VisualStudioVersion = 15.0.27428.2037
MinimumVisualStudioVersion = 10.0.40219.1
Project("{2150E333-8FDC-42A3-9474-1A3956D46DE8}") = "01 kintamieji", "01 kintamieji", "{501DAAD9-BAAA-4AA4-AA50-68567C8D4B30}"
EndProject
Project("{2150E333-8FDC-42A3-9474-1A3956D46DE8}") = "02 isvedimas", "02 isvedimas", "{D7B392BC-5A40-438C-80C0-7BA7D47162B9}"
EndProject
Project("{2150E333-8FDC-42A3-9474-1A3956D46DE8}") = "03 aritmetiniai veiksmai", "03 aritmetiniai veiksmai", "{8133200C-4891-47B3-8308-EA1C28D5D01F}"
EndProject
Project("{2150E333-8FDC-42A3-9474-1A3956D46DE8}") = "04 ivedimas", "04 ivedimas", "{4F926116-A1F9-4631-8E3B-B6448F24CC9D}"
EndProject
Project("{FAE04EC0-301F-11D3-BF4B-00C04F79EFBC}") = "1-1 uzduotis", "1-1 uzduotis\1-1 uzduotis.csproj", "{7C57DAAC-5F38-41E3-8A06-03643196BDAE}"
EndProject
Project("{FAE04EC0-301F-11D3-BF4B-00C04F79EFBC}") = "2-1 uzduotis", "2-1 uzduotis\2-1 uzduotis.csproj", "{219A9AAB-DB92-4E61-B8D1-039CBD567091}"
EndProject
Project("{FAE04EC0-301F-11D3-BF4B-00C04F79EFBC}") = "2-2 uzduotis", "2-2 uzduotis\2-2 uzduotis.csproj", "{182C7E25-7E94-4B30-9D54-62E80DEC9AFC}"
EndProject
Project("{FAE04EC0-301F-11D3-BF4B-00C04F79EFBC}") = "2-3 uzduotis", "2-3 uzduotis\2-3 uzduotis.csproj", "{E513DEAE-B662-4DD5-BEA4-8F912D5D5B4D}"
EndProject
Project("{FAE04EC0-301F-11D3-BF4B-00C04F79EFBC}") = "ConsoleApp1", "ConsoleApp1\ConsoleApp1.csproj", "{62026993-D446-4569-9991-A3CC1CD9D4F5}"
EndProject
Project("{FAE04EC0-301F-11D3-BF4B-00C04F79EFBC}") = "2-5 uzduotis", "2-5 uzduotis\2-5 uzduotis.csproj", "{B6FC2FDD-6954-4EB4-9EF0-580685863B36}"
EndProject
Project("{FAE04EC0-301F-11D3-BF4B-00C04F79EFBC}") = "2-6 uzduotis", "2-6 uzduotis\2-6 uzduotis.csproj", "{7878D218-2990-4E2F-B02E-E84CF30F77DC}"
EndProject
Project("{FAE04EC0-301F-11D3-BF4B-00C04F79EFBC}") = "3-1 uzduotis", "3-1 uzduotis\3-1 uzduotis.csproj", "{17FA8C31-E3C8-432C-8A67-1424C29A9230}"
EndProject
Project("{FAE04EC0-301F-11D3-BF4B-00C04F79EFBC}") = "3-2 uzduotis", "3-2 uzduotis\3-2 uzduotis.csproj", "{E9773B7C-2199-424F-B6C0-24E4AE87617C}"
EndProject
Project("{FAE04EC0-301F-11D3-BF4B-00C04F79EFBC}") = "3-3 uzduotis", "3-3 uzduotis\3-3 uzduotis.csproj", "{5428388B-BA84-4EDD-8153-019DCA831B62}"
EndProject
Project("{FAE04EC0-301F-11D3-BF4B-00C04F79EFBC}") = "3-4 uzduotis", "3-4 uzduotis\3-4 uzduotis.csproj", "{5217446C-758B-4985-A0B3-071765029B23}"
EndProject
Project("{FAE04EC0-301F-11D3-BF4B-00C04F79EFBC}") = "3-5 uzduotis", "3-5 uzduotis\3-5 uzduotis.csproj", "{B685C751-3186-46A8-A189-BC3EB6B72FE8}"
EndProject
Project("{FAE04EC0-301F-11D3-BF4B-00C04F79EFBC}") = "3-6 uzduotis", "3-6 uzduotis\3-6 uzduotis.csproj", "{5682A1C2-36DB-45E8-B3FE-E836C7279AA1}"
EndProject
Project("{FAE04EC0-301F-11D3-BF4B-00C04F79EFBC}") = "4-0 Test", "4-0 Test\4-0 Test.csproj", "{F7BD7E6D-A563-45F3-B193-FEB067D74C84}"
EndProject
Project("{FAE04EC0-301F-11D3-BF4B-00C04F79EFBC}") = "40 test1", "40 test1\40 test1.csproj", "{C2AB5ED5-7A26-4E17-90AF-A9A0B064BF74}"
EndProject
Project("{FAE04EC0-301F-11D3-BF4B-00C04F79EFBC}") = "4-1 uzduotis", "4-1 uzduotis\4-1 uzduotis.csproj", "{AA882DA7-9494-4D72-9F85-3B079F70D2E3}"
EndProject
Project("{FAE04EC0-301F-11D3-BF4B-00C04F79EFBC}") = "4-2 uzduotis", "4-2 uzduotis\4-2 uzduotis.csproj", "{B9A39066-57D5-491B-9F96-6F80BD242586}"
EndProject
Project("{FAE04EC0-301F-11D3-BF4B-00C04F79EFBC}") = "4-3 uzduotis", "4-3 uzduotis\4-3 uzduotis.csproj", "{5ED92382-BA16-4DE4-8038-858C689C7C62}"
EndProject
Project("{FAE04EC0-301F-11D3-BF4B-00C04F79EFBC}") = "4-4 uzduotis", "4-4 uzduotis\4-4 uzduotis.csproj", "{558C5B5C-9305-4091-AC79-687B67FD9DA2}"
EndProject
Project("{FAE04EC0-301F-11D3-BF4B-00C04F79EFBC}") = "4-5 uzduotis", "4-5 uzduotis\4-5 uzduotis.csproj", "{B246E818-4128-4F26-A103-3B579FF00DC9}"
EndProject
Project("{FAE04EC0-301F-11D3-BF4B-00C04F79EFBC}") = "4-6 uzduotis", "4-6 uzduotis\4-6 uzduotis.csproj", "{6A2C9215-F268-42DF-B213-603643B91828}"
EndProject
Project("{FAE04EC0-301F-11D3-BF4B-00C04F79EFBC}") = "4-7 uzduotis", "4-7 uzduotis\4-7 uzduotis.csproj", "{FDA6C7A3-311F-4D24-B387-1BAE89B4B499}"
EndProject
Project("{2150E333-8FDC-42A3-9474-1A3956D46DE8}") = "05 if salyga", "05 if salyga", "{08504117-9B63-460F-A3F4-2B083875D8DC}"
EndProject
Project("{FAE04EC0-301F-11D3-BF4B-00C04F79EFBC}") = "5-0 pvz", "5-0 pvz\5-0 pvz.csproj", "{5C625FA6-D23E-4FEC-88A0-13748A9E146E}"
EndProject
Project("{FAE04EC0-301F-11D3-BF4B-00C04F79EFBC}") = "5-1 uzduotis", "5-1 uzduotis\5-1 uzduotis.csproj", "{98BEC05C-9DAA-49D8-871B-DA444BE81721}"
EndProject
Project("{FAE04EC0-301F-11D3-BF4B-00C04F79EFBC}") = "5-2 uzduotis", "5-2 uzduotis\5-2 uzduotis.csproj", "{FDFE8065-37A6-4023-A4B5-0071C9320548}"
EndProject
Project("{FAE04EC0-301F-11D3-BF4B-00C04F79EFBC}") = "5-3 uzduotis", "5-3 uzduotis\5-3 uzduotis.csproj", "{59EA1475-6A92-47BA-BA1E-269587A0D021}"
EndProject
Project("{FAE04EC0-301F-11D3-BF4B-00C04F79EFBC}") = "5-4 uzduotis", "5-4 uzduotis\5-4 uzduotis.csproj", "{1DED104D-4E1D-490E-A30A-9D5AF5705399}"
EndProject
Project("{FAE04EC0-301F-11D3-BF4B-00C04F79EFBC}") = "5-5 uzduotis", "5-5 uzduotis\5-5 uzduotis.csproj", "{72EF56AB-78C4-4022-AF58-679F08FABDF9}"
EndProject
Project("{2150E333-8FDC-42A3-9474-1A3956D46DE8}") = "atskiras lapas uzduociu", "atskiras lapas uzduociu", "{24BBE1B8-D27D-471D-9935-2DFAC0524B38}"
EndProject
Project("{2150E333-8FDC-42A3-9474-1A3956D46DE8}") = "6 operatoriai IR ARBA", "6 operatoriai IR ARBA", "{A58F50D2-2273-4B0C-9B0E-662BA17CCAE9}"
EndProject
Project("{FAE04EC0-301F-11D3-BF4B-00C04F79EFBC}") = "6-1 uzduotis", "6-1 uzduotis\6-1 uzduotis.csproj", "{D218D962-86D6-46FF-A487-ADD78A425012}"
EndProject
Project("{FAE04EC0-301F-11D3-BF4B-00C04F79EFBC}") = "6-3 uzduotis", "6-2 uzduotis\6-3 uzduotis.csproj", "{FF811C22-2BF3-45C3-B8C5-F0FE4F443F9F}"
EndProject
Project("{FAE04EC0-301F-11D3-BF4B-00C04F79EFBC}") = "6-4 uzdutis", "6-4 uzdutis\6-4 uzdutis.csproj", "{6E1E38B1-CA85-4BF7-88C8-03BAB9081D3D}"
EndProject
Project("{2150E333-8FDC-42A3-9474-1A3956D46DE8}") = "7 switch", "7 switch", "{5AF0468C-54FD-4F75-A521-7E2E6BFC959F}"
EndProject
Project("{FAE04EC0-301F-11D3-BF4B-00C04F79EFBC}") = "7-3 uzduotis", "7-3 uzduotis\7-3 uzduotis.csproj", "{053C7A68-A5B9-40B5-AD74-6680B8DAA14A}"
EndProject
Project("{FAE04EC0-301F-11D3-BF4B-00C04F79EFBC}") = "7-4 uzduotis", "7-4 uzduotis\7-4 uzduotis.csproj", "{242A8997-CC0A-46FF-8B6A-B6DEED96E74C}"
EndProject
Project("{FAE04EC0-301F-11D3-BF4B-00C04F79EFBC}") = "tarpine uzduotis", "tarpine uzduotis\tarpine uzduotis.csproj", "{0F4219AD-DF34-47DE-9282-E47000DCB742}"
EndProject
Project("{2150E333-8FDC-42A3-9474-1A3956D46DE8}") = "8 ciklai", "8 ciklai", "{22E56C23-1A1C-4E67-B6A2-01853A8F0EBF}"
EndProject
Project("{FAE04EC0-301F-11D3-BF4B-00C04F79EFBC}") = "test", "test\test.csproj", "{3D53BC6E-25CF-4A7C-BA41-430D44AFD7E3}"
EndProject
Project("{FAE04EC0-301F-11D3-BF4B-00C04F79EFBC}") = "8-1 uzduotis", "8-1 uzduotis\8-1 uzduotis.csproj", "{0CFFC313-C2AF-4BB6-92E7-0129E541CEA1}"
EndProject
Project("{FAE04EC0-301F-11D3-BF4B-00C04F79EFBC}") = "8-2-4 uzduotis", "8-2 uzduotis\8-2-4 uzduotis.csproj", "{E6513D07-6DF4-4875-A76F-CAD55980FA91}"
EndProject
Project("{FAE04EC0-301F-11D3-BF4B-00C04F79EFBC}") = "8-5 uzduotis", "8-5 uzduotis\8-5 uzduotis.csproj", "{376C222C-0920-4C3E-833E-0A10D823EB47}"
EndProject
Project("{FAE04EC0-301F-11D3-BF4B-00C04F79EFBC}") = "8-6 uzduotis", "8-6 uzduotis\8-6 uzduotis.csproj", "{03455A4D-A42C-4F28-8490-54CD9FDC5B3C}"
EndProject
Project("{FAE04EC0-301F-11D3-BF4B-00C04F79EFBC}") = "8-7 uzduotis", "8-7 uzduotis\8-7 uzduotis.csproj", "{753D184D-B99B-4601-ABA7-6F0C5E3B868E}"
EndProject
Project("{FAE04EC0-301F-11D3-BF4B-00C04F79EFBC}") = "8-8 uzduotis", "8-8 uzduotis\8-8 uzduotis.csproj", "{FA3A6972-0EFE-4502-BD32-FAB310DE1B7F}"
EndProject
Project("{FAE04EC0-301F-11D3-BF4B-00C04F79EFBC}") = "8-9 uzduotis (fibanocio seka)", "8-9 uzduotis (fibanocio seka)\8-9 uzduotis (fibanocio seka).csproj", "{D76FA95D-6A7A-40F6-BDAB-1FD0621E816E}"
EndProject
Project("{FAE04EC0-301F-11D3-BF4B-00C04F79EFBC}") = "1", "1\1.csproj", "{02E8B104-AFA3-4D3A-8266-5EA8B9609715}"
EndProject
Project("{FAE04EC0-301F-11D3-BF4B-00C04F79EFBC}") = "2", "2\2.csproj", "{D88F125C-7A2B-448F-BD30-98A15616DCCF}"
EndProject
Project("{FAE04EC0-301F-11D3-BF4B-00C04F79EFBC}") = "3", "3\3.csproj", "{9BDF78AB-220D-4848-ACB3-9E0EBF71BE50}"
EndProject
Project("{FAE04EC0-301F-11D3-BF4B-00C04F79EFBC}") = "8-10 uzduotis while", "8-10 uzduotis while\8-10 uzduotis while.csproj", "{59EA4570-0D4B-40B2-9D88-82200F43A06D}"
EndProject
Project("{FAE04EC0-301F-11D3-BF4B-00C04F79EFBC}") = "8-12 uzduotis", "8-112uotis\8-12 uzduotis.csproj", "{5A01B641-3502-4417-8C99-7B4D2021D81A}"
EndProject
Project("{FAE04EC0-301F-11D3-BF4B-00C04F79EFBC}") = "8-13 uzduotis", "8-13 uzduotis\8-13 uzduotis.csproj", "{F634F740-4FC6-413F-97AF-7E1076C64ADC}"
EndProject
Project("{FAE04EC0-301F-11D3-BF4B-00C04F79EFBC}") = "8-14 uzduotis", "8-14 uzduotis\8-14 uzduotis.csproj", "{2F29D5C5-7403-4293-A2F1-D47EFEBB2EC3}"
EndProject
Project("{FAE04EC0-301F-11D3-BF4B-00C04F79EFBC}") = "8-15 uzduotis", "8-15 uzduotis\8-15 uzduotis.csproj", "{3F994FCA-87FF-4B46-A870-8B623C439077}"
EndProject
Project("{FAE04EC0-301F-11D3-BF4B-00C04F79EFBC}") = "8-16 uzduotis", "8-16 uzduotis\8-16 uzduotis.csproj", "{9AF6B47F-59F2-43B1-ABC5-417E0CEA0B85}"
EndProject
Project("{2150E333-8FDC-42A3-9474-1A3956D46DE8}") = "uzduotys projecteuler.net", "uzduotys projecteuler.net", "{8F4B61E4-9981-42FA-8B0B-CF0D487C76CE}"
EndProject
Project("{FAE04EC0-301F-11D3-BF4B-00C04F79EFBC}") = "1 uzd", "1 uzd\1 uzd.csproj", "{3587EF52-0641-49A9-AB2C-59FFAE0DF448}"
EndProject
Project("{FAE04EC0-301F-11D3-BF4B-00C04F79EFBC}") = "3 uzd", "3 uzd\3 uzd.csproj", "{545CE6F0-4BB3-482A-8960-7DF8BFFBDE68}"
EndProject
Project("{2150E333-8FDC-42A3-9474-1A3956D46DE8}") = "9 masyvai", "9 masyvai", "{CE5E0D1B-2BF6-4611-81C4-8D86A8BF71C9}"
EndProject
Project("{FAE04EC0-301F-11D3-BF4B-00C04F79EFBC}") = "9-1 uzduotis", "9-0 pvz\9-1 uzduotis.csproj", "{65A594C7-FC3A-4CBE-8F3F-FFF13E0A08C6}"
EndProject
Project("{FAE04EC0-301F-11D3-BF4B-00C04F79EFBC}") = "9-2 uzduotis", "9-2 uzduotis\9-2 uzduotis.csproj", "{EE48BA42-1BE2-423D-ACF2-195F5821AA41}"
EndProject
Project("{FAE04EC0-301F-11D3-BF4B-00C04F79EFBC}") = "9-3 uzduotis", "9-3 uzduotis\9-3 uzduotis.csproj", "{9CD6DCD0-7B96-47D4-897C-9FAD51531063}"
EndProject
Project("{FAE04EC0-301F-11D3-BF4B-00C04F79EFBC}") = "9-4 uzduotis", "9-4 uzduotis\9-4 uzduotis.csproj", "{FA728FBA-6902-4E61-9A38-C0145C5F9B1E}"
EndProject
Project("{2150E333-8FDC-42A3-9474-1A3956D46DE8}") = "10 sarasas", "10 sarasas", "{27A0167D-3ED4-45C7-A86F-DF9796E5062D}"
EndProject
Project("{FAE04EC0-301F-11D3-BF4B-00C04F79EFBC}") = "10-1 uzduotis", "10-1 uzduotis\10-1 uzduotis.csproj", "{FC965309-B60D-4BA1-B121-ECC049E89350}"
EndProject
Project("{FAE04EC0-301F-11D3-BF4B-00C04F79EFBC}") = "10-2 uzduotis", "10-2 uzduotis\10-2 uzduotis.csproj", "{68FE1C52-5A59-40CE-8311-76136F108B6A}"
EndProject
Project("{2150E333-8FDC-42A3-9474-1A3956D46DE8}") = "11 metodai", "11 metodai", "{E3B46BD6-F9C5-497B-B6F3-C75C58AB7E89}"
EndProject
Project("{FAE04EC0-301F-11D3-BF4B-00C04F79EFBC}") = "11 - 1 uzduotis", "11 - 1 uzduotis\11 - 1 uzduotis.csproj", "{D34109C9-3F11-4944-84B5-21F6D74B0859}"
EndProject
Project("{FAE04EC0-301F-11D3-BF4B-00C04F79EFBC}") = "11 pvz", "11 pvz\11 pvz.csproj", "{57C96742-8177-4DB8-98ED-78B7619FBB40}"
EndProject
Project("{FAE04EC0-301F-11D3-BF4B-00C04F79EFBC}") = "11-2 uzduotis", "11-2 uzduotis\11-2 uzduotis.csproj", "{4B5B649D-F6FF-481F-9E0B-4229BA814B37}"
EndProject
Project("{FAE04EC0-301F-11D3-BF4B-00C04F79EFBC}") = "11-3 uzduotis", "11-3 uzduotis\11-3 uzduotis.csproj", "{54C8728D-37B4-47DC-A732-D998B6EE14DC}"
EndProject
Project("{2150E333-8FDC-42A3-9474-1A3956D46DE8}") = "12 klases", "12 klases", "{8A406121-AE4E-4D2D-A0F4-4F45A6692CB4}"
EndProject
Project("{FAE04EC0-301F-11D3-BF4B-00C04F79EFBC}") = "12 - 1 pvz", "12 - 1 pvz\12 - 1 pvz.csproj", "{B5A84ED1-7124-4047-B37E-E3000D68BEB9}"
EndProject
Project("{FAE04EC0-301F-11D3-BF4B-00C04F79EFBC}") = "12-2 pvz su sarasu", "12-2 pvz\12-2 pvz su sarasu.csproj", "{2D2EB9FE-61E5-41B8-8FF8-1B9541B11E34}"
EndProject
Project("{FAE04EC0-301F-11D3-BF4B-00C04F79EFBC}") = "12 - 3 uzduotis FB - prekes duomenys", "12 - 3 uzduotis FB - prekes duomenys\12 - 3 uzduotis FB - prekes duomenys.csproj", "{769FBAED-EB74-4802-A0B2-F75BF4E01832}"
EndProject
Project("{FAE04EC0-301F-11D3-BF4B-00C04F79EFBC}") = "12 - 4 pvz", "12 - 4 pvz\12 - 4 pvz.csproj", "{C98D0841-5486-4FDA-955A-A6A785D42F5D}"
EndProject
Global
	GlobalSection(SolutionConfigurationPlatforms) = preSolution
		Debug|Any CPU = Debug|Any CPU
		Release|Any CPU = Release|Any CPU
	EndGlobalSection
	GlobalSection(ProjectConfigurationPlatforms) = postSolution
		{7C57DAAC-5F38-41E3-8A06-03643196BDAE}.Debug|Any CPU.ActiveCfg = Debug|Any CPU
		{7C57DAAC-5F38-41E3-8A06-03643196BDAE}.Debug|Any CPU.Build.0 = Debug|Any CPU
		{7C57DAAC-5F38-41E3-8A06-03643196BDAE}.Release|Any CPU.ActiveCfg = Release|Any CPU
		{7C57DAAC-5F38-41E3-8A06-03643196BDAE}.Release|Any CPU.Build.0 = Release|Any CPU
		{219A9AAB-DB92-4E61-B8D1-039CBD567091}.Debug|Any CPU.ActiveCfg = Debug|Any CPU
		{219A9AAB-DB92-4E61-B8D1-039CBD567091}.Debug|Any CPU.Build.0 = Debug|Any CPU
		{219A9AAB-DB92-4E61-B8D1-039CBD567091}.Release|Any CPU.ActiveCfg = Release|Any CPU
		{219A9AAB-DB92-4E61-B8D1-039CBD567091}.Release|Any CPU.Build.0 = Release|Any CPU
		{182C7E25-7E94-4B30-9D54-62E80DEC9AFC}.Debug|Any CPU.ActiveCfg = Debug|Any CPU
		{182C7E25-7E94-4B30-9D54-62E80DEC9AFC}.Debug|Any CPU.Build.0 = Debug|Any CPU
		{182C7E25-7E94-4B30-9D54-62E80DEC9AFC}.Release|Any CPU.ActiveCfg = Release|Any CPU
		{182C7E25-7E94-4B30-9D54-62E80DEC9AFC}.Release|Any CPU.Build.0 = Release|Any CPU
		{E513DEAE-B662-4DD5-BEA4-8F912D5D5B4D}.Debug|Any CPU.ActiveCfg = Debug|Any CPU
		{E513DEAE-B662-4DD5-BEA4-8F912D5D5B4D}.Debug|Any CPU.Build.0 = Debug|Any CPU
		{E513DEAE-B662-4DD5-BEA4-8F912D5D5B4D}.Release|Any CPU.ActiveCfg = Release|Any CPU
		{E513DEAE-B662-4DD5-BEA4-8F912D5D5B4D}.Release|Any CPU.Build.0 = Release|Any CPU
		{62026993-D446-4569-9991-A3CC1CD9D4F5}.Debug|Any CPU.ActiveCfg = Debug|Any CPU
		{62026993-D446-4569-9991-A3CC1CD9D4F5}.Debug|Any CPU.Build.0 = Debug|Any CPU
		{62026993-D446-4569-9991-A3CC1CD9D4F5}.Release|Any CPU.ActiveCfg = Release|Any CPU
		{62026993-D446-4569-9991-A3CC1CD9D4F5}.Release|Any CPU.Build.0 = Release|Any CPU
		{B6FC2FDD-6954-4EB4-9EF0-580685863B36}.Debug|Any CPU.ActiveCfg = Debug|Any CPU
		{B6FC2FDD-6954-4EB4-9EF0-580685863B36}.Debug|Any CPU.Build.0 = Debug|Any CPU
		{B6FC2FDD-6954-4EB4-9EF0-580685863B36}.Release|Any CPU.ActiveCfg = Release|Any CPU
		{B6FC2FDD-6954-4EB4-9EF0-580685863B36}.Release|Any CPU.Build.0 = Release|Any CPU
		{7878D218-2990-4E2F-B02E-E84CF30F77DC}.Debug|Any CPU.ActiveCfg = Debug|Any CPU
		{7878D218-2990-4E2F-B02E-E84CF30F77DC}.Debug|Any CPU.Build.0 = Debug|Any CPU
		{7878D218-2990-4E2F-B02E-E84CF30F77DC}.Release|Any CPU.ActiveCfg = Release|Any CPU
		{7878D218-2990-4E2F-B02E-E84CF30F77DC}.Release|Any CPU.Build.0 = Release|Any CPU
		{17FA8C31-E3C8-432C-8A67-1424C29A9230}.Debug|Any CPU.ActiveCfg = Debug|Any CPU
		{17FA8C31-E3C8-432C-8A67-1424C29A9230}.Debug|Any CPU.Build.0 = Debug|Any CPU
		{17FA8C31-E3C8-432C-8A67-1424C29A9230}.Release|Any CPU.ActiveCfg = Release|Any CPU
		{17FA8C31-E3C8-432C-8A67-1424C29A9230}.Release|Any CPU.Build.0 = Release|Any CPU
		{E9773B7C-2199-424F-B6C0-24E4AE87617C}.Debug|Any CPU.ActiveCfg = Debug|Any CPU
		{E9773B7C-2199-424F-B6C0-24E4AE87617C}.Debug|Any CPU.Build.0 = Debug|Any CPU
		{E9773B7C-2199-424F-B6C0-24E4AE87617C}.Release|Any CPU.ActiveCfg = Release|Any CPU
		{E9773B7C-2199-424F-B6C0-24E4AE87617C}.Release|Any CPU.Build.0 = Release|Any CPU
		{5428388B-BA84-4EDD-8153-019DCA831B62}.Debug|Any CPU.ActiveCfg = Debug|Any CPU
		{5428388B-BA84-4EDD-8153-019DCA831B62}.Debug|Any CPU.Build.0 = Debug|Any CPU
		{5428388B-BA84-4EDD-8153-019DCA831B62}.Release|Any CPU.ActiveCfg = Release|Any CPU
		{5428388B-BA84-4EDD-8153-019DCA831B62}.Release|Any CPU.Build.0 = Release|Any CPU
		{5217446C-758B-4985-A0B3-071765029B23}.Debug|Any CPU.ActiveCfg = Debug|Any CPU
		{5217446C-758B-4985-A0B3-071765029B23}.Debug|Any CPU.Build.0 = Debug|Any CPU
		{5217446C-758B-4985-A0B3-071765029B23}.Release|Any CPU.ActiveCfg = Release|Any CPU
		{5217446C-758B-4985-A0B3-071765029B23}.Release|Any CPU.Build.0 = Release|Any CPU
		{B685C751-3186-46A8-A189-BC3EB6B72FE8}.Debug|Any CPU.ActiveCfg = Debug|Any CPU
		{B685C751-3186-46A8-A189-BC3EB6B72FE8}.Debug|Any CPU.Build.0 = Debug|Any CPU
		{B685C751-3186-46A8-A189-BC3EB6B72FE8}.Release|Any CPU.ActiveCfg = Release|Any CPU
		{B685C751-3186-46A8-A189-BC3EB6B72FE8}.Release|Any CPU.Build.0 = Release|Any CPU
		{5682A1C2-36DB-45E8-B3FE-E836C7279AA1}.Debug|Any CPU.ActiveCfg = Debug|Any CPU
		{5682A1C2-36DB-45E8-B3FE-E836C7279AA1}.Debug|Any CPU.Build.0 = Debug|Any CPU
		{5682A1C2-36DB-45E8-B3FE-E836C7279AA1}.Release|Any CPU.ActiveCfg = Release|Any CPU
		{5682A1C2-36DB-45E8-B3FE-E836C7279AA1}.Release|Any CPU.Build.0 = Release|Any CPU
		{F7BD7E6D-A563-45F3-B193-FEB067D74C84}.Debug|Any CPU.ActiveCfg = Debug|Any CPU
		{F7BD7E6D-A563-45F3-B193-FEB067D74C84}.Debug|Any CPU.Build.0 = Debug|Any CPU
		{F7BD7E6D-A563-45F3-B193-FEB067D74C84}.Release|Any CPU.ActiveCfg = Release|Any CPU
		{F7BD7E6D-A563-45F3-B193-FEB067D74C84}.Release|Any CPU.Build.0 = Release|Any CPU
		{C2AB5ED5-7A26-4E17-90AF-A9A0B064BF74}.Debug|Any CPU.ActiveCfg = Debug|Any CPU
		{C2AB5ED5-7A26-4E17-90AF-A9A0B064BF74}.Debug|Any CPU.Build.0 = Debug|Any CPU
		{C2AB5ED5-7A26-4E17-90AF-A9A0B064BF74}.Release|Any CPU.ActiveCfg = Release|Any CPU
		{C2AB5ED5-7A26-4E17-90AF-A9A0B064BF74}.Release|Any CPU.Build.0 = Release|Any CPU
		{AA882DA7-9494-4D72-9F85-3B079F70D2E3}.Debug|Any CPU.ActiveCfg = Debug|Any CPU
		{AA882DA7-9494-4D72-9F85-3B079F70D2E3}.Debug|Any CPU.Build.0 = Debug|Any CPU
		{AA882DA7-9494-4D72-9F85-3B079F70D2E3}.Release|Any CPU.ActiveCfg = Release|Any CPU
		{AA882DA7-9494-4D72-9F85-3B079F70D2E3}.Release|Any CPU.Build.0 = Release|Any CPU
		{B9A39066-57D5-491B-9F96-6F80BD242586}.Debug|Any CPU.ActiveCfg = Debug|Any CPU
		{B9A39066-57D5-491B-9F96-6F80BD242586}.Debug|Any CPU.Build.0 = Debug|Any CPU
		{B9A39066-57D5-491B-9F96-6F80BD242586}.Release|Any CPU.ActiveCfg = Release|Any CPU
		{B9A39066-57D5-491B-9F96-6F80BD242586}.Release|Any CPU.Build.0 = Release|Any CPU
		{5ED92382-BA16-4DE4-8038-858C689C7C62}.Debug|Any CPU.ActiveCfg = Debug|Any CPU
		{5ED92382-BA16-4DE4-8038-858C689C7C62}.Debug|Any CPU.Build.0 = Debug|Any CPU
		{5ED92382-BA16-4DE4-8038-858C689C7C62}.Release|Any CPU.ActiveCfg = Release|Any CPU
		{5ED92382-BA16-4DE4-8038-858C689C7C62}.Release|Any CPU.Build.0 = Release|Any CPU
		{558C5B5C-9305-4091-AC79-687B67FD9DA2}.Debug|Any CPU.ActiveCfg = Debug|Any CPU
		{558C5B5C-9305-4091-AC79-687B67FD9DA2}.Debug|Any CPU.Build.0 = Debug|Any CPU
		{558C5B5C-9305-4091-AC79-687B67FD9DA2}.Release|Any CPU.ActiveCfg = Release|Any CPU
		{558C5B5C-9305-4091-AC79-687B67FD9DA2}.Release|Any CPU.Build.0 = Release|Any CPU
		{B246E818-4128-4F26-A103-3B579FF00DC9}.Debug|Any CPU.ActiveCfg = Debug|Any CPU
		{B246E818-4128-4F26-A103-3B579FF00DC9}.Debug|Any CPU.Build.0 = Debug|Any CPU
		{B246E818-4128-4F26-A103-3B579FF00DC9}.Release|Any CPU.ActiveCfg = Release|Any CPU
		{B246E818-4128-4F26-A103-3B579FF00DC9}.Release|Any CPU.Build.0 = Release|Any CPU
		{6A2C9215-F268-42DF-B213-603643B91828}.Debug|Any CPU.ActiveCfg = Debug|Any CPU
		{6A2C9215-F268-42DF-B213-603643B91828}.Debug|Any CPU.Build.0 = Debug|Any CPU
		{6A2C9215-F268-42DF-B213-603643B91828}.Release|Any CPU.ActiveCfg = Release|Any CPU
		{6A2C9215-F268-42DF-B213-603643B91828}.Release|Any CPU.Build.0 = Release|Any CPU
		{FDA6C7A3-311F-4D24-B387-1BAE89B4B499}.Debug|Any CPU.ActiveCfg = Debug|Any CPU
		{FDA6C7A3-311F-4D24-B387-1BAE89B4B499}.Debug|Any CPU.Build.0 = Debug|Any CPU
		{FDA6C7A3-311F-4D24-B387-1BAE89B4B499}.Release|Any CPU.ActiveCfg = Release|Any CPU
		{FDA6C7A3-311F-4D24-B387-1BAE89B4B499}.Release|Any CPU.Build.0 = Release|Any CPU
		{5C625FA6-D23E-4FEC-88A0-13748A9E146E}.Debug|Any CPU.ActiveCfg = Debug|Any CPU
		{5C625FA6-D23E-4FEC-88A0-13748A9E146E}.Debug|Any CPU.Build.0 = Debug|Any CPU
		{5C625FA6-D23E-4FEC-88A0-13748A9E146E}.Release|Any CPU.ActiveCfg = Release|Any CPU
		{5C625FA6-D23E-4FEC-88A0-13748A9E146E}.Release|Any CPU.Build.0 = Release|Any CPU
		{98BEC05C-9DAA-49D8-871B-DA444BE81721}.Debug|Any CPU.ActiveCfg = Debug|Any CPU
		{98BEC05C-9DAA-49D8-871B-DA444BE81721}.Debug|Any CPU.Build.0 = Debug|Any CPU
		{98BEC05C-9DAA-49D8-871B-DA444BE81721}.Release|Any CPU.ActiveCfg = Release|Any CPU
		{98BEC05C-9DAA-49D8-871B-DA444BE81721}.Release|Any CPU.Build.0 = Release|Any CPU
		{FDFE8065-37A6-4023-A4B5-0071C9320548}.Debug|Any CPU.ActiveCfg = Debug|Any CPU
		{FDFE8065-37A6-4023-A4B5-0071C9320548}.Debug|Any CPU.Build.0 = Debug|Any CPU
		{FDFE8065-37A6-4023-A4B5-0071C9320548}.Release|Any CPU.ActiveCfg = Release|Any CPU
		{FDFE8065-37A6-4023-A4B5-0071C9320548}.Release|Any CPU.Build.0 = Release|Any CPU
		{59EA1475-6A92-47BA-BA1E-269587A0D021}.Debug|Any CPU.ActiveCfg = Debug|Any CPU
		{59EA1475-6A92-47BA-BA1E-269587A0D021}.Debug|Any CPU.Build.0 = Debug|Any CPU
		{59EA1475-6A92-47BA-BA1E-269587A0D021}.Release|Any CPU.ActiveCfg = Release|Any CPU
		{59EA1475-6A92-47BA-BA1E-269587A0D021}.Release|Any CPU.Build.0 = Release|Any CPU
		{1DED104D-4E1D-490E-A30A-9D5AF5705399}.Debug|Any CPU.ActiveCfg = Debug|Any CPU
		{1DED104D-4E1D-490E-A30A-9D5AF5705399}.Debug|Any CPU.Build.0 = Debug|Any CPU
		{1DED104D-4E1D-490E-A30A-9D5AF5705399}.Release|Any CPU.ActiveCfg = Release|Any CPU
		{1DED104D-4E1D-490E-A30A-9D5AF5705399}.Release|Any CPU.Build.0 = Release|Any CPU
		{72EF56AB-78C4-4022-AF58-679F08FABDF9}.Debug|Any CPU.ActiveCfg = Debug|Any CPU
		{72EF56AB-78C4-4022-AF58-679F08FABDF9}.Debug|Any CPU.Build.0 = Debug|Any CPU
		{72EF56AB-78C4-4022-AF58-679F08FABDF9}.Release|Any CPU.ActiveCfg = Release|Any CPU
		{72EF56AB-78C4-4022-AF58-679F08FABDF9}.Release|Any CPU.Build.0 = Release|Any CPU
		{D218D962-86D6-46FF-A487-ADD78A425012}.Debug|Any CPU.ActiveCfg = Debug|Any CPU
		{D218D962-86D6-46FF-A487-ADD78A425012}.Debug|Any CPU.Build.0 = Debug|Any CPU
		{D218D962-86D6-46FF-A487-ADD78A425012}.Release|Any CPU.ActiveCfg = Release|Any CPU
		{D218D962-86D6-46FF-A487-ADD78A425012}.Release|Any CPU.Build.0 = Release|Any CPU
		{FF811C22-2BF3-45C3-B8C5-F0FE4F443F9F}.Debug|Any CPU.ActiveCfg = Debug|Any CPU
		{FF811C22-2BF3-45C3-B8C5-F0FE4F443F9F}.Debug|Any CPU.Build.0 = Debug|Any CPU
		{FF811C22-2BF3-45C3-B8C5-F0FE4F443F9F}.Release|Any CPU.ActiveCfg = Release|Any CPU
		{FF811C22-2BF3-45C3-B8C5-F0FE4F443F9F}.Release|Any CPU.Build.0 = Release|Any CPU
		{6E1E38B1-CA85-4BF7-88C8-03BAB9081D3D}.Debug|Any CPU.ActiveCfg = Debug|Any CPU
		{6E1E38B1-CA85-4BF7-88C8-03BAB9081D3D}.Debug|Any CPU.Build.0 = Debug|Any CPU
		{6E1E38B1-CA85-4BF7-88C8-03BAB9081D3D}.Release|Any CPU.ActiveCfg = Release|Any CPU
		{6E1E38B1-CA85-4BF7-88C8-03BAB9081D3D}.Release|Any CPU.Build.0 = Release|Any CPU
		{053C7A68-A5B9-40B5-AD74-6680B8DAA14A}.Debug|Any CPU.ActiveCfg = Debug|Any CPU
		{053C7A68-A5B9-40B5-AD74-6680B8DAA14A}.Debug|Any CPU.Build.0 = Debug|Any CPU
		{053C7A68-A5B9-40B5-AD74-6680B8DAA14A}.Release|Any CPU.ActiveCfg = Release|Any CPU
		{053C7A68-A5B9-40B5-AD74-6680B8DAA14A}.Release|Any CPU.Build.0 = Release|Any CPU
		{242A8997-CC0A-46FF-8B6A-B6DEED96E74C}.Debug|Any CPU.ActiveCfg = Debug|Any CPU
		{242A8997-CC0A-46FF-8B6A-B6DEED96E74C}.Debug|Any CPU.Build.0 = Debug|Any CPU
		{242A8997-CC0A-46FF-8B6A-B6DEED96E74C}.Release|Any CPU.ActiveCfg = Release|Any CPU
		{242A8997-CC0A-46FF-8B6A-B6DEED96E74C}.Release|Any CPU.Build.0 = Release|Any CPU
		{0F4219AD-DF34-47DE-9282-E47000DCB742}.Debug|Any CPU.ActiveCfg = Debug|Any CPU
		{0F4219AD-DF34-47DE-9282-E47000DCB742}.Debug|Any CPU.Build.0 = Debug|Any CPU
		{0F4219AD-DF34-47DE-9282-E47000DCB742}.Release|Any CPU.ActiveCfg = Release|Any CPU
		{0F4219AD-DF34-47DE-9282-E47000DCB742}.Release|Any CPU.Build.0 = Release|Any CPU
		{3D53BC6E-25CF-4A7C-BA41-430D44AFD7E3}.Debug|Any CPU.ActiveCfg = Debug|Any CPU
		{3D53BC6E-25CF-4A7C-BA41-430D44AFD7E3}.Debug|Any CPU.Build.0 = Debug|Any CPU
		{3D53BC6E-25CF-4A7C-BA41-430D44AFD7E3}.Release|Any CPU.ActiveCfg = Release|Any CPU
		{3D53BC6E-25CF-4A7C-BA41-430D44AFD7E3}.Release|Any CPU.Build.0 = Release|Any CPU
		{0CFFC313-C2AF-4BB6-92E7-0129E541CEA1}.Debug|Any CPU.ActiveCfg = Debug|Any CPU
		{0CFFC313-C2AF-4BB6-92E7-0129E541CEA1}.Debug|Any CPU.Build.0 = Debug|Any CPU
		{0CFFC313-C2AF-4BB6-92E7-0129E541CEA1}.Release|Any CPU.ActiveCfg = Release|Any CPU
		{0CFFC313-C2AF-4BB6-92E7-0129E541CEA1}.Release|Any CPU.Build.0 = Release|Any CPU
		{E6513D07-6DF4-4875-A76F-CAD55980FA91}.Debug|Any CPU.ActiveCfg = Debug|Any CPU
		{E6513D07-6DF4-4875-A76F-CAD55980FA91}.Debug|Any CPU.Build.0 = Debug|Any CPU
		{E6513D07-6DF4-4875-A76F-CAD55980FA91}.Release|Any CPU.ActiveCfg = Release|Any CPU
		{E6513D07-6DF4-4875-A76F-CAD55980FA91}.Release|Any CPU.Build.0 = Release|Any CPU
		{376C222C-0920-4C3E-833E-0A10D823EB47}.Debug|Any CPU.ActiveCfg = Debug|Any CPU
		{376C222C-0920-4C3E-833E-0A10D823EB47}.Debug|Any CPU.Build.0 = Debug|Any CPU
		{376C222C-0920-4C3E-833E-0A10D823EB47}.Release|Any CPU.ActiveCfg = Release|Any CPU
		{376C222C-0920-4C3E-833E-0A10D823EB47}.Release|Any CPU.Build.0 = Release|Any CPU
		{03455A4D-A42C-4F28-8490-54CD9FDC5B3C}.Debug|Any CPU.ActiveCfg = Debug|Any CPU
		{03455A4D-A42C-4F28-8490-54CD9FDC5B3C}.Debug|Any CPU.Build.0 = Debug|Any CPU
		{03455A4D-A42C-4F28-8490-54CD9FDC5B3C}.Release|Any CPU.ActiveCfg = Release|Any CPU
		{03455A4D-A42C-4F28-8490-54CD9FDC5B3C}.Release|Any CPU.Build.0 = Release|Any CPU
		{753D184D-B99B-4601-ABA7-6F0C5E3B868E}.Debug|Any CPU.ActiveCfg = Debug|Any CPU
		{753D184D-B99B-4601-ABA7-6F0C5E3B868E}.Debug|Any CPU.Build.0 = Debug|Any CPU
		{753D184D-B99B-4601-ABA7-6F0C5E3B868E}.Release|Any CPU.ActiveCfg = Release|Any CPU
		{753D184D-B99B-4601-ABA7-6F0C5E3B868E}.Release|Any CPU.Build.0 = Release|Any CPU
		{FA3A6972-0EFE-4502-BD32-FAB310DE1B7F}.Debug|Any CPU.ActiveCfg = Debug|Any CPU
		{FA3A6972-0EFE-4502-BD32-FAB310DE1B7F}.Debug|Any CPU.Build.0 = Debug|Any CPU
		{FA3A6972-0EFE-4502-BD32-FAB310DE1B7F}.Release|Any CPU.ActiveCfg = Release|Any CPU
		{FA3A6972-0EFE-4502-BD32-FAB310DE1B7F}.Release|Any CPU.Build.0 = Release|Any CPU
		{D76FA95D-6A7A-40F6-BDAB-1FD0621E816E}.Debug|Any CPU.ActiveCfg = Debug|Any CPU
		{D76FA95D-6A7A-40F6-BDAB-1FD0621E816E}.Debug|Any CPU.Build.0 = Debug|Any CPU
		{D76FA95D-6A7A-40F6-BDAB-1FD0621E816E}.Release|Any CPU.ActiveCfg = Release|Any CPU
		{D76FA95D-6A7A-40F6-BDAB-1FD0621E816E}.Release|Any CPU.Build.0 = Release|Any CPU
		{02E8B104-AFA3-4D3A-8266-5EA8B9609715}.Debug|Any CPU.ActiveCfg = Debug|Any CPU
		{02E8B104-AFA3-4D3A-8266-5EA8B9609715}.Debug|Any CPU.Build.0 = Debug|Any CPU
		{02E8B104-AFA3-4D3A-8266-5EA8B9609715}.Release|Any CPU.ActiveCfg = Release|Any CPU
		{02E8B104-AFA3-4D3A-8266-5EA8B9609715}.Release|Any CPU.Build.0 = Release|Any CPU
		{D88F125C-7A2B-448F-BD30-98A15616DCCF}.Debug|Any CPU.ActiveCfg = Debug|Any CPU
		{D88F125C-7A2B-448F-BD30-98A15616DCCF}.Debug|Any CPU.Build.0 = Debug|Any CPU
		{D88F125C-7A2B-448F-BD30-98A15616DCCF}.Release|Any CPU.ActiveCfg = Release|Any CPU
		{D88F125C-7A2B-448F-BD30-98A15616DCCF}.Release|Any CPU.Build.0 = Release|Any CPU
		{9BDF78AB-220D-4848-ACB3-9E0EBF71BE50}.Debug|Any CPU.ActiveCfg = Debug|Any CPU
		{9BDF78AB-220D-4848-ACB3-9E0EBF71BE50}.Debug|Any CPU.Build.0 = Debug|Any CPU
		{9BDF78AB-220D-4848-ACB3-9E0EBF71BE50}.Release|Any CPU.ActiveCfg = Release|Any CPU
		{9BDF78AB-220D-4848-ACB3-9E0EBF71BE50}.Release|Any CPU.Build.0 = Release|Any CPU
		{59EA4570-0D4B-40B2-9D88-82200F43A06D}.Debug|Any CPU.ActiveCfg = Debug|Any CPU
		{59EA4570-0D4B-40B2-9D88-82200F43A06D}.Debug|Any CPU.Build.0 = Debug|Any CPU
		{59EA4570-0D4B-40B2-9D88-82200F43A06D}.Release|Any CPU.ActiveCfg = Release|Any CPU
		{59EA4570-0D4B-40B2-9D88-82200F43A06D}.Release|Any CPU.Build.0 = Release|Any CPU
		{5A01B641-3502-4417-8C99-7B4D2021D81A}.Debug|Any CPU.ActiveCfg = Debug|Any CPU
		{5A01B641-3502-4417-8C99-7B4D2021D81A}.Debug|Any CPU.Build.0 = Debug|Any CPU
		{5A01B641-3502-4417-8C99-7B4D2021D81A}.Release|Any CPU.ActiveCfg = Release|Any CPU
		{5A01B641-3502-4417-8C99-7B4D2021D81A}.Release|Any CPU.Build.0 = Release|Any CPU
		{F634F740-4FC6-413F-97AF-7E1076C64ADC}.Debug|Any CPU.ActiveCfg = Debug|Any CPU
		{F634F740-4FC6-413F-97AF-7E1076C64ADC}.Debug|Any CPU.Build.0 = Debug|Any CPU
		{F634F740-4FC6-413F-97AF-7E1076C64ADC}.Release|Any CPU.ActiveCfg = Release|Any CPU
		{F634F740-4FC6-413F-97AF-7E1076C64ADC}.Release|Any CPU.Build.0 = Release|Any CPU
		{2F29D5C5-7403-4293-A2F1-D47EFEBB2EC3}.Debug|Any CPU.ActiveCfg = Debug|Any CPU
		{2F29D5C5-7403-4293-A2F1-D47EFEBB2EC3}.Debug|Any CPU.Build.0 = Debug|Any CPU
		{2F29D5C5-7403-4293-A2F1-D47EFEBB2EC3}.Release|Any CPU.ActiveCfg = Release|Any CPU
		{2F29D5C5-7403-4293-A2F1-D47EFEBB2EC3}.Release|Any CPU.Build.0 = Release|Any CPU
		{3F994FCA-87FF-4B46-A870-8B623C439077}.Debug|Any CPU.ActiveCfg = Debug|Any CPU
		{3F994FCA-87FF-4B46-A870-8B623C439077}.Debug|Any CPU.Build.0 = Debug|Any CPU
		{3F994FCA-87FF-4B46-A870-8B623C439077}.Release|Any CPU.ActiveCfg = Release|Any CPU
		{3F994FCA-87FF-4B46-A870-8B623C439077}.Release|Any CPU.Build.0 = Release|Any CPU
		{9AF6B47F-59F2-43B1-ABC5-417E0CEA0B85}.Debug|Any CPU.ActiveCfg = Debug|Any CPU
		{9AF6B47F-59F2-43B1-ABC5-417E0CEA0B85}.Debug|Any CPU.Build.0 = Debug|Any CPU
		{9AF6B47F-59F2-43B1-ABC5-417E0CEA0B85}.Release|Any CPU.ActiveCfg = Release|Any CPU
		{9AF6B47F-59F2-43B1-ABC5-417E0CEA0B85}.Release|Any CPU.Build.0 = Release|Any CPU
		{3587EF52-0641-49A9-AB2C-59FFAE0DF448}.Debug|Any CPU.ActiveCfg = Debug|Any CPU
		{3587EF52-0641-49A9-AB2C-59FFAE0DF448}.Debug|Any CPU.Build.0 = Debug|Any CPU
		{3587EF52-0641-49A9-AB2C-59FFAE0DF448}.Release|Any CPU.ActiveCfg = Release|Any CPU
		{3587EF52-0641-49A9-AB2C-59FFAE0DF448}.Release|Any CPU.Build.0 = Release|Any CPU
		{545CE6F0-4BB3-482A-8960-7DF8BFFBDE68}.Debug|Any CPU.ActiveCfg = Debug|Any CPU
		{545CE6F0-4BB3-482A-8960-7DF8BFFBDE68}.Debug|Any CPU.Build.0 = Debug|Any CPU
		{545CE6F0-4BB3-482A-8960-7DF8BFFBDE68}.Release|Any CPU.ActiveCfg = Release|Any CPU
		{545CE6F0-4BB3-482A-8960-7DF8BFFBDE68}.Release|Any CPU.Build.0 = Release|Any CPU
		{65A594C7-FC3A-4CBE-8F3F-FFF13E0A08C6}.Debug|Any CPU.ActiveCfg = Debug|Any CPU
		{65A594C7-FC3A-4CBE-8F3F-FFF13E0A08C6}.Debug|Any CPU.Build.0 = Debug|Any CPU
		{65A594C7-FC3A-4CBE-8F3F-FFF13E0A08C6}.Release|Any CPU.ActiveCfg = Release|Any CPU
		{65A594C7-FC3A-4CBE-8F3F-FFF13E0A08C6}.Release|Any CPU.Build.0 = Release|Any CPU
		{EE48BA42-1BE2-423D-ACF2-195F5821AA41}.Debug|Any CPU.ActiveCfg = Debug|Any CPU
		{EE48BA42-1BE2-423D-ACF2-195F5821AA41}.Debug|Any CPU.Build.0 = Debug|Any CPU
		{EE48BA42-1BE2-423D-ACF2-195F5821AA41}.Release|Any CPU.ActiveCfg = Release|Any CPU
		{EE48BA42-1BE2-423D-ACF2-195F5821AA41}.Release|Any CPU.Build.0 = Release|Any CPU
		{9CD6DCD0-7B96-47D4-897C-9FAD51531063}.Debug|Any CPU.ActiveCfg = Debug|Any CPU
		{9CD6DCD0-7B96-47D4-897C-9FAD51531063}.Debug|Any CPU.Build.0 = Debug|Any CPU
		{9CD6DCD0-7B96-47D4-897C-9FAD51531063}.Release|Any CPU.ActiveCfg = Release|Any CPU
		{9CD6DCD0-7B96-47D4-897C-9FAD51531063}.Release|Any CPU.Build.0 = Release|Any CPU
		{FA728FBA-6902-4E61-9A38-C0145C5F9B1E}.Debug|Any CPU.ActiveCfg = Debug|Any CPU
		{FA728FBA-6902-4E61-9A38-C0145C5F9B1E}.Debug|Any CPU.Build.0 = Debug|Any CPU
		{FA728FBA-6902-4E61-9A38-C0145C5F9B1E}.Release|Any CPU.ActiveCfg = Release|Any CPU
		{FA728FBA-6902-4E61-9A38-C0145C5F9B1E}.Release|Any CPU.Build.0 = Release|Any CPU
		{FC965309-B60D-4BA1-B121-ECC049E89350}.Debug|Any CPU.ActiveCfg = Debug|Any CPU
		{FC965309-B60D-4BA1-B121-ECC049E89350}.Debug|Any CPU.Build.0 = Debug|Any CPU
		{FC965309-B60D-4BA1-B121-ECC049E89350}.Release|Any CPU.ActiveCfg = Release|Any CPU
		{FC965309-B60D-4BA1-B121-ECC049E89350}.Release|Any CPU.Build.0 = Release|Any CPU
		{68FE1C52-5A59-40CE-8311-76136F108B6A}.Debug|Any CPU.ActiveCfg = Debug|Any CPU
		{68FE1C52-5A59-40CE-8311-76136F108B6A}.Debug|Any CPU.Build.0 = Debug|Any CPU
		{68FE1C52-5A59-40CE-8311-76136F108B6A}.Release|Any CPU.ActiveCfg = Release|Any CPU
		{68FE1C52-5A59-40CE-8311-76136F108B6A}.Release|Any CPU.Build.0 = Release|Any CPU
		{D34109C9-3F11-4944-84B5-21F6D74B0859}.Debug|Any CPU.ActiveCfg = Debug|Any CPU
		{D34109C9-3F11-4944-84B5-21F6D74B0859}.Debug|Any CPU.Build.0 = Debug|Any CPU
		{D34109C9-3F11-4944-84B5-21F6D74B0859}.Release|Any CPU.ActiveCfg = Release|Any CPU
		{D34109C9-3F11-4944-84B5-21F6D74B0859}.Release|Any CPU.Build.0 = Release|Any CPU
		{57C96742-8177-4DB8-98ED-78B7619FBB40}.Debug|Any CPU.ActiveCfg = Debug|Any CPU
		{57C96742-8177-4DB8-98ED-78B7619FBB40}.Debug|Any CPU.Build.0 = Debug|Any CPU
		{57C96742-8177-4DB8-98ED-78B7619FBB40}.Release|Any CPU.ActiveCfg = Release|Any CPU
		{57C96742-8177-4DB8-98ED-78B7619FBB40}.Release|Any CPU.Build.0 = Release|Any CPU
		{4B5B649D-F6FF-481F-9E0B-4229BA814B37}.Debug|Any CPU.ActiveCfg = Debug|Any CPU
		{4B5B649D-F6FF-481F-9E0B-4229BA814B37}.Debug|Any CPU.Build.0 = Debug|Any CPU
		{4B5B649D-F6FF-481F-9E0B-4229BA814B37}.Release|Any CPU.ActiveCfg = Release|Any CPU
		{4B5B649D-F6FF-481F-9E0B-4229BA814B37}.Release|Any CPU.Build.0 = Release|Any CPU
		{54C8728D-37B4-47DC-A732-D998B6EE14DC}.Debug|Any CPU.ActiveCfg = Debug|Any CPU
		{54C8728D-37B4-47DC-A732-D998B6EE14DC}.Debug|Any CPU.Build.0 = Debug|Any CPU
		{54C8728D-37B4-47DC-A732-D998B6EE14DC}.Release|Any CPU.ActiveCfg = Release|Any CPU
		{54C8728D-37B4-47DC-A732-D998B6EE14DC}.Release|Any CPU.Build.0 = Release|Any CPU
		{B5A84ED1-7124-4047-B37E-E3000D68BEB9}.Debug|Any CPU.ActiveCfg = Debug|Any CPU
		{B5A84ED1-7124-4047-B37E-E3000D68BEB9}.Debug|Any CPU.Build.0 = Debug|Any CPU
		{B5A84ED1-7124-4047-B37E-E3000D68BEB9}.Release|Any CPU.ActiveCfg = Release|Any CPU
		{B5A84ED1-7124-4047-B37E-E3000D68BEB9}.Release|Any CPU.Build.0 = Release|Any CPU
		{2D2EB9FE-61E5-41B8-8FF8-1B9541B11E34}.Debug|Any CPU.ActiveCfg = Debug|Any CPU
		{2D2EB9FE-61E5-41B8-8FF8-1B9541B11E34}.Debug|Any CPU.Build.0 = Debug|Any CPU
		{2D2EB9FE-61E5-41B8-8FF8-1B9541B11E34}.Release|Any CPU.ActiveCfg = Release|Any CPU
		{2D2EB9FE-61E5-41B8-8FF8-1B9541B11E34}.Release|Any CPU.Build.0 = Release|Any CPU
		{769FBAED-EB74-4802-A0B2-F75BF4E01832}.Debug|Any CPU.ActiveCfg = Debug|Any CPU
		{769FBAED-EB74-4802-A0B2-F75BF4E01832}.Debug|Any CPU.Build.0 = Debug|Any CPU
		{769FBAED-EB74-4802-A0B2-F75BF4E01832}.Release|Any CPU.ActiveCfg = Release|Any CPU
		{769FBAED-EB74-4802-A0B2-F75BF4E01832}.Release|Any CPU.Build.0 = Release|Any CPU
		{C98D0841-5486-4FDA-955A-A6A785D42F5D}.Debug|Any CPU.ActiveCfg = Debug|Any CPU
		{C98D0841-5486-4FDA-955A-A6A785D42F5D}.Debug|Any CPU.Build.0 = Debug|Any CPU
		{C98D0841-5486-4FDA-955A-A6A785D42F5D}.Release|Any CPU.ActiveCfg = Release|Any CPU
		{C98D0841-5486-4FDA-955A-A6A785D42F5D}.Release|Any CPU.Build.0 = Release|Any CPU
	EndGlobalSection
	GlobalSection(SolutionProperties) = preSolution
		HideSolutionNode = FALSE
	EndGlobalSection
	GlobalSection(NestedProjects) = preSolution
		{7C57DAAC-5F38-41E3-8A06-03643196BDAE} = {501DAAD9-BAAA-4AA4-AA50-68567C8D4B30}
		{219A9AAB-DB92-4E61-B8D1-039CBD567091} = {D7B392BC-5A40-438C-80C0-7BA7D47162B9}
		{182C7E25-7E94-4B30-9D54-62E80DEC9AFC} = {D7B392BC-5A40-438C-80C0-7BA7D47162B9}
		{E513DEAE-B662-4DD5-BEA4-8F912D5D5B4D} = {D7B392BC-5A40-438C-80C0-7BA7D47162B9}
		{62026993-D446-4569-9991-A3CC1CD9D4F5} = {D7B392BC-5A40-438C-80C0-7BA7D47162B9}
		{B6FC2FDD-6954-4EB4-9EF0-580685863B36} = {D7B392BC-5A40-438C-80C0-7BA7D47162B9}
		{7878D218-2990-4E2F-B02E-E84CF30F77DC} = {D7B392BC-5A40-438C-80C0-7BA7D47162B9}
		{17FA8C31-E3C8-432C-8A67-1424C29A9230} = {8133200C-4891-47B3-8308-EA1C28D5D01F}
		{E9773B7C-2199-424F-B6C0-24E4AE87617C} = {8133200C-4891-47B3-8308-EA1C28D5D01F}
		{5428388B-BA84-4EDD-8153-019DCA831B62} = {8133200C-4891-47B3-8308-EA1C28D5D01F}
		{5217446C-758B-4985-A0B3-071765029B23} = {8133200C-4891-47B3-8308-EA1C28D5D01F}
		{B685C751-3186-46A8-A189-BC3EB6B72FE8} = {8133200C-4891-47B3-8308-EA1C28D5D01F}
		{5682A1C2-36DB-45E8-B3FE-E836C7279AA1} = {8133200C-4891-47B3-8308-EA1C28D5D01F}
		{F7BD7E6D-A563-45F3-B193-FEB067D74C84} = {4F926116-A1F9-4631-8E3B-B6448F24CC9D}
		{C2AB5ED5-7A26-4E17-90AF-A9A0B064BF74} = {4F926116-A1F9-4631-8E3B-B6448F24CC9D}
		{AA882DA7-9494-4D72-9F85-3B079F70D2E3} = {4F926116-A1F9-4631-8E3B-B6448F24CC9D}
		{B9A39066-57D5-491B-9F96-6F80BD242586} = {4F926116-A1F9-4631-8E3B-B6448F24CC9D}
		{5ED92382-BA16-4DE4-8038-858C689C7C62} = {4F926116-A1F9-4631-8E3B-B6448F24CC9D}
		{558C5B5C-9305-4091-AC79-687B67FD9DA2} = {4F926116-A1F9-4631-8E3B-B6448F24CC9D}
		{B246E818-4128-4F26-A103-3B579FF00DC9} = {4F926116-A1F9-4631-8E3B-B6448F24CC9D}
		{6A2C9215-F268-42DF-B213-603643B91828} = {4F926116-A1F9-4631-8E3B-B6448F24CC9D}
		{FDA6C7A3-311F-4D24-B387-1BAE89B4B499} = {4F926116-A1F9-4631-8E3B-B6448F24CC9D}
		{5C625FA6-D23E-4FEC-88A0-13748A9E146E} = {08504117-9B63-460F-A3F4-2B083875D8DC}
		{98BEC05C-9DAA-49D8-871B-DA444BE81721} = {08504117-9B63-460F-A3F4-2B083875D8DC}
		{FDFE8065-37A6-4023-A4B5-0071C9320548} = {08504117-9B63-460F-A3F4-2B083875D8DC}
		{59EA1475-6A92-47BA-BA1E-269587A0D021} = {08504117-9B63-460F-A3F4-2B083875D8DC}
		{1DED104D-4E1D-490E-A30A-9D5AF5705399} = {08504117-9B63-460F-A3F4-2B083875D8DC}
		{72EF56AB-78C4-4022-AF58-679F08FABDF9} = {08504117-9B63-460F-A3F4-2B083875D8DC}
		{D218D962-86D6-46FF-A487-ADD78A425012} = {A58F50D2-2273-4B0C-9B0E-662BA17CCAE9}
		{FF811C22-2BF3-45C3-B8C5-F0FE4F443F9F} = {A58F50D2-2273-4B0C-9B0E-662BA17CCAE9}
		{6E1E38B1-CA85-4BF7-88C8-03BAB9081D3D} = {A58F50D2-2273-4B0C-9B0E-662BA17CCAE9}
		{053C7A68-A5B9-40B5-AD74-6680B8DAA14A} = {5AF0468C-54FD-4F75-A521-7E2E6BFC959F}
		{242A8997-CC0A-46FF-8B6A-B6DEED96E74C} = {5AF0468C-54FD-4F75-A521-7E2E6BFC959F}
		{0F4219AD-DF34-47DE-9282-E47000DCB742} = {5AF0468C-54FD-4F75-A521-7E2E6BFC959F}
		{3D53BC6E-25CF-4A7C-BA41-430D44AFD7E3} = {22E56C23-1A1C-4E67-B6A2-01853A8F0EBF}
		{0CFFC313-C2AF-4BB6-92E7-0129E541CEA1} = {22E56C23-1A1C-4E67-B6A2-01853A8F0EBF}
		{E6513D07-6DF4-4875-A76F-CAD55980FA91} = {22E56C23-1A1C-4E67-B6A2-01853A8F0EBF}
		{376C222C-0920-4C3E-833E-0A10D823EB47} = {22E56C23-1A1C-4E67-B6A2-01853A8F0EBF}
		{03455A4D-A42C-4F28-8490-54CD9FDC5B3C} = {22E56C23-1A1C-4E67-B6A2-01853A8F0EBF}
		{753D184D-B99B-4601-ABA7-6F0C5E3B868E} = {22E56C23-1A1C-4E67-B6A2-01853A8F0EBF}
		{FA3A6972-0EFE-4502-BD32-FAB310DE1B7F} = {22E56C23-1A1C-4E67-B6A2-01853A8F0EBF}
		{D76FA95D-6A7A-40F6-BDAB-1FD0621E816E} = {22E56C23-1A1C-4E67-B6A2-01853A8F0EBF}
		{02E8B104-AFA3-4D3A-8266-5EA8B9609715} = {24BBE1B8-D27D-471D-9935-2DFAC0524B38}
		{D88F125C-7A2B-448F-BD30-98A15616DCCF} = {24BBE1B8-D27D-471D-9935-2DFAC0524B38}
		{9BDF78AB-220D-4848-ACB3-9E0EBF71BE50} = {24BBE1B8-D27D-471D-9935-2DFAC0524B38}
		{59EA4570-0D4B-40B2-9D88-82200F43A06D} = {22E56C23-1A1C-4E67-B6A2-01853A8F0EBF}
		{5A01B641-3502-4417-8C99-7B4D2021D81A} = {22E56C23-1A1C-4E67-B6A2-01853A8F0EBF}
		{F634F740-4FC6-413F-97AF-7E1076C64ADC} = {22E56C23-1A1C-4E67-B6A2-01853A8F0EBF}
		{2F29D5C5-7403-4293-A2F1-D47EFEBB2EC3} = {22E56C23-1A1C-4E67-B6A2-01853A8F0EBF}
		{3F994FCA-87FF-4B46-A870-8B623C439077} = {22E56C23-1A1C-4E67-B6A2-01853A8F0EBF}
		{9AF6B47F-59F2-43B1-ABC5-417E0CEA0B85} = {22E56C23-1A1C-4E67-B6A2-01853A8F0EBF}
		{3587EF52-0641-49A9-AB2C-59FFAE0DF448} = {8F4B61E4-9981-42FA-8B0B-CF0D487C76CE}
		{545CE6F0-4BB3-482A-8960-7DF8BFFBDE68} = {8F4B61E4-9981-42FA-8B0B-CF0D487C76CE}
		{65A594C7-FC3A-4CBE-8F3F-FFF13E0A08C6} = {CE5E0D1B-2BF6-4611-81C4-8D86A8BF71C9}
		{EE48BA42-1BE2-423D-ACF2-195F5821AA41} = {CE5E0D1B-2BF6-4611-81C4-8D86A8BF71C9}
		{9CD6DCD0-7B96-47D4-897C-9FAD51531063} = {CE5E0D1B-2BF6-4611-81C4-8D86A8BF71C9}
		{FA728FBA-6902-4E61-9A38-C0145C5F9B1E} = {CE5E0D1B-2BF6-4611-81C4-8D86A8BF71C9}
		{FC965309-B60D-4BA1-B121-ECC049E89350} = {27A0167D-3ED4-45C7-A86F-DF9796E5062D}
		{68FE1C52-5A59-40CE-8311-76136F108B6A} = {27A0167D-3ED4-45C7-A86F-DF9796E5062D}
		{D34109C9-3F11-4944-84B5-21F6D74B0859} = {E3B46BD6-F9C5-497B-B6F3-C75C58AB7E89}
		{57C96742-8177-4DB8-98ED-78B7619FBB40} = {E3B46BD6-F9C5-497B-B6F3-C75C58AB7E89}
		{4B5B649D-F6FF-481F-9E0B-4229BA814B37} = {E3B46BD6-F9C5-497B-B6F3-C75C58AB7E89}
		{54C8728D-37B4-47DC-A732-D998B6EE14DC} = {E3B46BD6-F9C5-497B-B6F3-C75C58AB7E89}
		{B5A84ED1-7124-4047-B37E-E3000D68BEB9} = {8A406121-AE4E-4D2D-A0F4-4F45A6692CB4}
		{2D2EB9FE-61E5-41B8-8FF8-1B9541B11E34} = {8A406121-AE4E-4D2D-A0F4-4F45A6692CB4}
		{769FBAED-EB74-4802-A0B2-F75BF4E01832} = {8A406121-AE4E-4D2D-A0F4-4F45A6692CB4}
		{C98D0841-5486-4FDA-955A-A6A785D42F5D} = {8A406121-AE4E-4D2D-A0F4-4F45A6692CB4}
	EndGlobalSection
	GlobalSection(ExtensibilityGlobals) = postSolution
		SolutionGuid = {931B78CD-5F9C-42B5-BBD7-DD4C6F91DE41}
	EndGlobalSection
EndGlobal
